
Microsoft Visual Studio Solution File, Format Version 12.00
# Visual Studio Version 17
VisualStudioVersion = 17.8.34408.163
MinimumVisualStudioVersion = 10.0.40219.1
Project("{9A19103F-16F7-4668-BE54-9A1E7A4F7556}") = "SkyMod", "SkyMod.csproj", "{2A625927-4E15-413C-8552-88F7E10C4B40}"
EndProject
Global
	GlobalSection(SolutionConfigurationPlatforms) = preSolution
		Debug|Any CPU = Debug|Any CPU
		Release|Any CPU = Release|Any CPU
	EndGlobalSection
	GlobalSection(ProjectConfigurationPlatforms) = postSolution
		{2A625927-4E15-413C-8552-88F7E10C4B40}.Debug|Any CPU.ActiveCfg = Debug|Any CPU
		{2A625927-4E15-413C-8552-88F7E10C4B40}.Debug|Any CPU.Build.0 = Debug|Any CPU
		{2A625927-4E15-413C-8552-88F7E10C4B40}.Release|Any CPU.ActiveCfg = Release|Any CPU
		{2A625927-4E15-413C-8552-88F7E10C4B40}.Release|Any CPU.Build.0 = Release|Any CPU
	EndGlobalSection
	GlobalSection(SolutionProperties) = preSolution
		HideSolutionNode = FALSE
	EndGlobalSection
	GlobalSection(ExtensibilityGlobals) = postSolution
		SolutionGuid = {80331C41-7B6A-4911-8230-78C6BEDE6F8A}
	EndGlobalSection
EndGlobal
